
Microsoft Visual Studio Solution File, Format Version 12.00
# Visual Studio Version 16
VisualStudioVersion = 16.0.30128.74
MinimumVisualStudioVersion = 10.0.40219.1
Project("{FAE04EC0-301F-11D3-BF4B-00C04F79EFBC}") = "UnityEngine.Il2CppAssetBundleManager", "UnityEngine.Il2CppAssetBundleManager.csproj", "{5E48C468-BD31-48A7-BB90-05DB4CFD077C}"
EndProject
Global
	GlobalSection(SolutionConfigurationPlatforms) = preSolution
		Debug|Any CPU = Debug|Any CPU
		Release|Any CPU = Release|Any CPU
	EndGlobalSection
	GlobalSection(ProjectConfigurationPlatforms) = postSolution
		{5E48C468-BD31-48A7-BB90-05DB4CFD077C}.Debug|Any CPU.ActiveCfg = Debug|Any CPU
		{5E48C468-BD31-48A7-BB90-05DB4CFD077C}.Debug|Any CPU.Build.0 = Debug|Any CPU
		{5E48C468-BD31-48A7-BB90-05DB4CFD077C}.Release|Any CPU.ActiveCfg = Release|Any CPU
		{5E48C468-BD31-48A7-BB90-05DB4CFD077C}.Release|Any CPU.Build.0 = Release|Any CPU
	EndGlobalSection
	GlobalSection(SolutionProperties) = preSolution
		HideSolutionNode = FALSE
	EndGlobalSection
	GlobalSection(ExtensibilityGlobals) = postSolution
		SolutionGuid = {48BE8374-900F-4AE6-9C1A-EF1478DA9A08}
	EndGlobalSection
EndGlobal
